
Microsoft Visual Studio Solution File, Format Version 12.00
# Visual Studio 15
VisualStudioVersion = 15.0.28307.1062
MinimumVisualStudioVersion = 10.0.40219.1
Project("{FAE04EC0-301F-11D3-BF4B-00C04F79EFBC}") = "ApalisInvoice_API", "ApalisInvoice_API\ApalisInvoice_API.csproj", "{1F7A0D61-EBAA-4558-9AEB-8C43CF5896EF}"
EndProject
Project("{FAE04EC0-301F-11D3-BF4B-00C04F79EFBC}") = "ApalisInvoice.DAL", "ApalisInvoice.DAL\ApalisInvoice.DAL.csproj", "{A58E7F0A-F0A6-4E75-92A2-3D093500FF43}"
EndProject
Project("{FAE04EC0-301F-11D3-BF4B-00C04F79EFBC}") = "ApalisInvoice.ViewModel", "ApalisInvoice.ViewModel\ApalisInvoice.ViewModel.csproj", "{23A18ED9-5727-43AD-89F7-48E8376CB78E}"
EndProject
Global
	GlobalSection(SolutionConfigurationPlatforms) = preSolution
		Debug|Any CPU = Debug|Any CPU
		Release|Any CPU = Release|Any CPU
	EndGlobalSection
	GlobalSection(ProjectConfigurationPlatforms) = postSolution
		{1F7A0D61-EBAA-4558-9AEB-8C43CF5896EF}.Debug|Any CPU.ActiveCfg = Debug|Any CPU
		{1F7A0D61-EBAA-4558-9AEB-8C43CF5896EF}.Debug|Any CPU.Build.0 = Debug|Any CPU
		{1F7A0D61-EBAA-4558-9AEB-8C43CF5896EF}.Release|Any CPU.ActiveCfg = Release|Any CPU
		{1F7A0D61-EBAA-4558-9AEB-8C43CF5896EF}.Release|Any CPU.Build.0 = Release|Any CPU
		{A58E7F0A-F0A6-4E75-92A2-3D093500FF43}.Debug|Any CPU.ActiveCfg = Debug|Any CPU
		{A58E7F0A-F0A6-4E75-92A2-3D093500FF43}.Debug|Any CPU.Build.0 = Debug|Any CPU
		{A58E7F0A-F0A6-4E75-92A2-3D093500FF43}.Release|Any CPU.ActiveCfg = Release|Any CPU
		{A58E7F0A-F0A6-4E75-92A2-3D093500FF43}.Release|Any CPU.Build.0 = Release|Any CPU
		{23A18ED9-5727-43AD-89F7-48E8376CB78E}.Debug|Any CPU.ActiveCfg = Debug|Any CPU
		{23A18ED9-5727-43AD-89F7-48E8376CB78E}.Debug|Any CPU.Build.0 = Debug|Any CPU
		{23A18ED9-5727-43AD-89F7-48E8376CB78E}.Release|Any CPU.ActiveCfg = Release|Any CPU
		{23A18ED9-5727-43AD-89F7-48E8376CB78E}.Release|Any CPU.Build.0 = Release|Any CPU
	EndGlobalSection
	GlobalSection(SolutionProperties) = preSolution
		HideSolutionNode = FALSE
	EndGlobalSection
	GlobalSection(ExtensibilityGlobals) = postSolution
		SolutionGuid = {2C5EF9FF-F945-42A2-B285-30F6FA501DD9}
	EndGlobalSection
EndGlobal
